
Microsoft Visual Studio Solution File, Format Version 12.00
# Visual Studio Version 16
VisualStudioVersion = 16.0.28729.10
MinimumVisualStudioVersion = 10.0.40219.1
Project("{FAE04EC0-301F-11D3-BF4B-00C04F79EFBC}") = "SimpleCalc", "SimpleCalc\SimpleCalc.csproj", "{355BE9DF-A91B-4877-92C5-2183BA56DC89}"
EndProject
Project("{9A19103F-16F7-4668-BE54-9A1E7A4F7556}") = "BusinessLogic", "BusinessLogic\BusinessLogic.csproj", "{26BE67E2-E301-4019-B2B6-46E37E8ADC25}"
EndProject
Project("{9A19103F-16F7-4668-BE54-9A1E7A4F7556}") = "CalCNunitTest", "CalCNunitTest\CalCNunitTest.csproj", "{74DCFB2E-8FD1-4EAF-B35C-751E810BA578}"
EndProject
Global
	GlobalSection(SolutionConfigurationPlatforms) = preSolution
		Debug|Any CPU = Debug|Any CPU
		Release|Any CPU = Release|Any CPU
	EndGlobalSection
	GlobalSection(ProjectConfigurationPlatforms) = postSolution
		{355BE9DF-A91B-4877-92C5-2183BA56DC89}.Debug|Any CPU.ActiveCfg = Debug|Any CPU
		{355BE9DF-A91B-4877-92C5-2183BA56DC89}.Debug|Any CPU.Build.0 = Debug|Any CPU
		{355BE9DF-A91B-4877-92C5-2183BA56DC89}.Debug|Any CPU.Deploy.0 = Debug|Any CPU
		{355BE9DF-A91B-4877-92C5-2183BA56DC89}.Release|Any CPU.ActiveCfg = Release|Any CPU
		{355BE9DF-A91B-4877-92C5-2183BA56DC89}.Release|Any CPU.Build.0 = Release|Any CPU
		{355BE9DF-A91B-4877-92C5-2183BA56DC89}.Release|Any CPU.Deploy.0 = Release|Any CPU
		{26BE67E2-E301-4019-B2B6-46E37E8ADC25}.Debug|Any CPU.ActiveCfg = Debug|Any CPU
		{26BE67E2-E301-4019-B2B6-46E37E8ADC25}.Debug|Any CPU.Build.0 = Debug|Any CPU
		{26BE67E2-E301-4019-B2B6-46E37E8ADC25}.Release|Any CPU.ActiveCfg = Release|Any CPU
		{26BE67E2-E301-4019-B2B6-46E37E8ADC25}.Release|Any CPU.Build.0 = Release|Any CPU
		{74DCFB2E-8FD1-4EAF-B35C-751E810BA578}.Debug|Any CPU.ActiveCfg = Debug|Any CPU
		{74DCFB2E-8FD1-4EAF-B35C-751E810BA578}.Debug|Any CPU.Build.0 = Debug|Any CPU
		{74DCFB2E-8FD1-4EAF-B35C-751E810BA578}.Release|Any CPU.ActiveCfg = Release|Any CPU
		{74DCFB2E-8FD1-4EAF-B35C-751E810BA578}.Release|Any CPU.Build.0 = Release|Any CPU
	EndGlobalSection
	GlobalSection(SolutionProperties) = preSolution
		HideSolutionNode = FALSE
	EndGlobalSection
	GlobalSection(ExtensibilityGlobals) = postSolution
		SolutionGuid = {AE0B7D01-967C-4908-BA34-D8ED19E20115}
	EndGlobalSection
EndGlobal
